
Microsoft Visual Studio Solution File, Format Version 12.00
# Visual Studio 15
VisualStudioVersion = 15.0.28307.779
MinimumVisualStudioVersion = 10.0.40219.1
Project("{FAE04EC0-301F-11D3-BF4B-00C04F79EFBC}") = "PlanBottler", "PlanBottler\PlanBottler.csproj", "{BFA9DFEE-A7CB-40B6-8047-4C5AD48585A5}"
EndProject
Global
	GlobalSection(SolutionConfigurationPlatforms) = preSolution
		Debug|Any CPU = Debug|Any CPU
		Release|Any CPU = Release|Any CPU
	EndGlobalSection
	GlobalSection(ProjectConfigurationPlatforms) = postSolution
		{BFA9DFEE-A7CB-40B6-8047-4C5AD48585A5}.Debug|Any CPU.ActiveCfg = Debug|Any CPU
		{BFA9DFEE-A7CB-40B6-8047-4C5AD48585A5}.Debug|Any CPU.Build.0 = Debug|Any CPU
		{BFA9DFEE-A7CB-40B6-8047-4C5AD48585A5}.Release|Any CPU.ActiveCfg = Release|Any CPU
		{BFA9DFEE-A7CB-40B6-8047-4C5AD48585A5}.Release|Any CPU.Build.0 = Release|Any CPU
	EndGlobalSection
	GlobalSection(SolutionProperties) = preSolution
		HideSolutionNode = FALSE
	EndGlobalSection
	GlobalSection(ExtensibilityGlobals) = postSolution
		SolutionGuid = {639EB227-2F18-43F5-A2A3-43EF547AB83C}
	EndGlobalSection
EndGlobal
